
Microsoft Visual Studio Solution File, Format Version 12.00
# Visual Studio Version 17
VisualStudioVersion = 17.0.31612.314
MinimumVisualStudioVersion = 10.0.40219.1
Project("{9A19103F-16F7-4668-BE54-9A1E7A4F7556}") = "Benchmark.Console", "Benchmark.Console\Benchmark.Console.csproj", "{D92F097D-D234-4A17-A6BC-9FBED48D622E}"
EndProject
Project("{9A19103F-16F7-4668-BE54-9A1E7A4F7556}") = "Benchmark.Core", "Benchmark.Core\Benchmark.Core.csproj", "{2DB94F29-FBEF-4CC5-AE75-6B2859FFAC1D}"
EndProject
Project("{2150E333-8FDC-42A3-9474-1A3956D46DE8}") = "Solution Items", "Solution Items", "{3DE38074-1061-4A8B-A19C-9BC7DCAFB5FE}"
	ProjectSection(SolutionItems) = preProject
		README.md = README.md
	EndProjectSection
EndProject
Global
	GlobalSection(SolutionConfigurationPlatforms) = preSolution
		Debug|Any CPU = Debug|Any CPU
		Release|Any CPU = Release|Any CPU
	EndGlobalSection
	GlobalSection(ProjectConfigurationPlatforms) = postSolution
		{D92F097D-D234-4A17-A6BC-9FBED48D622E}.Debug|Any CPU.ActiveCfg = Debug|Any CPU
		{D92F097D-D234-4A17-A6BC-9FBED48D622E}.Debug|Any CPU.Build.0 = Debug|Any CPU
		{D92F097D-D234-4A17-A6BC-9FBED48D622E}.Release|Any CPU.ActiveCfg = Release|Any CPU
		{D92F097D-D234-4A17-A6BC-9FBED48D622E}.Release|Any CPU.Build.0 = Release|Any CPU
		{2DB94F29-FBEF-4CC5-AE75-6B2859FFAC1D}.Debug|Any CPU.ActiveCfg = Debug|Any CPU
		{2DB94F29-FBEF-4CC5-AE75-6B2859FFAC1D}.Debug|Any CPU.Build.0 = Debug|Any CPU
		{2DB94F29-FBEF-4CC5-AE75-6B2859FFAC1D}.Release|Any CPU.ActiveCfg = Release|Any CPU
		{2DB94F29-FBEF-4CC5-AE75-6B2859FFAC1D}.Release|Any CPU.Build.0 = Release|Any CPU
	EndGlobalSection
	GlobalSection(SolutionProperties) = preSolution
		HideSolutionNode = FALSE
	EndGlobalSection
	GlobalSection(ExtensibilityGlobals) = postSolution
		SolutionGuid = {72397573-AFBB-4C89-86EE-F49FCF6007A1}
	EndGlobalSection
EndGlobal
